
Microsoft Visual Studio Solution File, Format Version 12.00
# Visual Studio Version 17
VisualStudioVersion = 17.14.36623.8 d17.14
MinimumVisualStudioVersion = 10.0.40219.1
Project("{FAE04EC0-301F-11D3-BF4B-00C04F79EFBC}") = "EF227_Demo", "EF227_Demo\EF227_Demo.csproj", "{A5532185-57D3-4AC1-B11E-F4727DC9EFDF}"
EndProject
Global
	GlobalSection(SolutionConfigurationPlatforms) = preSolution
		Debug|Any CPU = Debug|Any CPU
		Release|Any CPU = Release|Any CPU
	EndGlobalSection
	GlobalSection(ProjectConfigurationPlatforms) = postSolution
		{A5532185-57D3-4AC1-B11E-F4727DC9EFDF}.Debug|Any CPU.ActiveCfg = Debug|Any CPU
		{A5532185-57D3-4AC1-B11E-F4727DC9EFDF}.Debug|Any CPU.Build.0 = Debug|Any CPU
		{A5532185-57D3-4AC1-B11E-F4727DC9EFDF}.Release|Any CPU.ActiveCfg = Release|Any CPU
		{A5532185-57D3-4AC1-B11E-F4727DC9EFDF}.Release|Any CPU.Build.0 = Release|Any CPU
	EndGlobalSection
	GlobalSection(SolutionProperties) = preSolution
		HideSolutionNode = FALSE
	EndGlobalSection
	GlobalSection(ExtensibilityGlobals) = postSolution
		SolutionGuid = {DF8739AA-9879-4C9A-8677-D833BE611817}
	EndGlobalSection
EndGlobal
